{
 "name": "esp-ai",
 "version": "0.0.1",
 "lockfileVersion": 1,
 "requires": true,
 "dependencies": {
  "crypto-js": {
   "version": "3.3.0",
   "resolved": "https://registry.npmjs.org/crypto-js/-/crypto-js-3.3.0.tgz",
   "integrity": "sha512-DIT51nX0dCfKltpRiXV+/TVZq+Qq2NgF4644+K7Ttnla7zEzqc+kjJyiB96BHNyUTBxyjzRcZYpUdZa+QAqi6Q=="
  },
  "uuid": {
   "version": "10.0.0",
   "resolved": "https://registry.npmjs.org/uuid/-/uuid-10.0.0.tgz",
   "integrity": "sha512-8XkAphELsDnEGrDxUOHB3RGvXz6TeuYSGEZBOjtTtPm2lwhGBjLgOzLHB63IUWfBpNucQjND6d3AOudO+H3RWQ=="
  },
  "ws": {
   "version": "7.5.10",
   "resolved": "https://registry.npmjs.org/ws/-/ws-7.5.10.tgz",
   "integrity": "sha512-+dbF1tHwZpXcbOJdVOkzLDxZP1ailvSxM6ZweXTegylPny803bFhA+vqBYw4s31NSAk4S2Qz+AKXK9a4wkdjcQ=="
  },
  "zlib": {
   "version": "1.0.5",
   "resolved": "https://registry.npmjs.org/zlib/-/zlib-1.0.5.tgz",
   "integrity": "sha512-40fpE2II+Cd3k8HWTWONfeKE2jL+P42iWJ1zzps5W51qcTsOUKM5Q5m2PFb0CLxlmFAaUuUdJGc3OfZy947v0w=="
  }
 }
}
