dependencies:
  esp-sr:
    dependencies: []
    source:
      path: D:\ESPIDF\esp32_5.2\TOOL\esp-adf\components\esp-sr
      type: local
    version: 1.9.2
  espressif/esp-dsp:
    component_hash: 3e7bbd487f1357a1d4944d0c85966d049501ea281b8a4c7f93f7cfedd5b7f23d
    dependencies:
    - name: idf
      require: private
      version: '>=4.2'
    source:
      registry_url: https://components.espressif.com/
      type: service
    version: 1.4.12
  espressif/esp_websocket_client:
    component_hash: f77326f0e1c38da4e9c97e17c5d649b0dd13027f2645e720e48db269638fd622
    dependencies:
    - name: idf
      require: private
      version: '>=5.0'
    source:
      registry_url: https://components.espressif.com/
      type: service
    version: 1.4.0
  espressif/jsmn:
    component_hash: d80350c41bbaa827c98a25b6072df00884e72f54885996fab4a4f0aebce6b6c3
    dependencies:
    - name: idf
      require: private
      version: '>=4.3'
    source:
      registry_url: https://components.espressif.com/
      type: service
    version: 1.1.0
  espressif/nghttp:
    component_hash: c52b83cc3d1083ae669751534ea4f7445974b86d91d49a5273bdb0fbf87f34d6
    dependencies:
    - name: idf
      require: private
      version: '>=5.0'
    source:
      registry_url: https://components.espressif.com/
      type: service
    version: 1.62.1
  espressif/zlib:
    component_hash: d901723af51f13fc8e5824f39f32239c847956e8fd951a05266588dc5cfbb9ae
    dependencies:
    - name: idf
      require: private
      version: '>=4.4'
    source:
      registry_url: https://components.espressif.com/
      type: service
    version: 1.3.1
  idf:
    source:
      type: idf
    version: 5.2.5
  lvgl/lvgl:
    component_hash: 096c69af22eaf8a2b721e3913da91918c5e6bf1a762a113ec01f401aa61337a0
    dependencies: []
    source:
      registry_url: https://components.espressif.com/
      type: service
    version: 9.2.2
  protocol_examples_common:
    dependencies: []
    source:
      path: D:\ESPIDF\esp32_5.2\container\v5.2.5\esp-idf\examples\common_components\protocol_examples_common
      type: local
    version: '*'
direct_dependencies:
- espressif/esp-dsp
- espressif/esp-sr
- espressif/esp_websocket_client
- espressif/jsmn
- espressif/nghttp
- espressif/zlib
- idf
- lvgl/lvgl
- protocol_examples_common
manifest_hash: 9aa734ac3679207b5aa425fb082c41ae48e74961de1ae0d5ea5c7196dfeb9e5c
target: esp32s3
version: 2.0.0
